
Microsoft Visual Studio Solution File, Format Version 12.00
# Visual Studio Version 17
VisualStudioVersion = 17.8.34330.188
MinimumVisualStudioVersion = 10.0.40219.1
Project("{FAE04EC0-301F-11D3-BF4B-00C04F79EFBC}") = "ConsoleApp7", "ConsoleApp7\ConsoleApp7.csproj", "{0347B124-A64F-4883-A588-3094806F3980}"
EndProject
Global
	GlobalSection(SolutionConfigurationPlatforms) = preSolution
		Debug|Any CPU = Debug|Any CPU
		Release|Any CPU = Release|Any CPU
	EndGlobalSection
	GlobalSection(ProjectConfigurationPlatforms) = postSolution
		{0347B124-A64F-4883-A588-3094806F3980}.Debug|Any CPU.ActiveCfg = Debug|Any CPU
		{0347B124-A64F-4883-A588-3094806F3980}.Debug|Any CPU.Build.0 = Debug|Any CPU
		{0347B124-A64F-4883-A588-3094806F3980}.Release|Any CPU.ActiveCfg = Release|Any CPU
		{0347B124-A64F-4883-A588-3094806F3980}.Release|Any CPU.Build.0 = Release|Any CPU
	EndGlobalSection
	GlobalSection(SolutionProperties) = preSolution
		HideSolutionNode = FALSE
	EndGlobalSection
	GlobalSection(ExtensibilityGlobals) = postSolution
		SolutionGuid = {CF1589C8-E2DF-4115-9357-2EFB3B105916}
	EndGlobalSection
EndGlobal
